// !$*UTF8*$!
{
	archiveVersion = 1;
	classes = {
	};
	objectVersion = 48;
	objects = {

/* Begin PBXBuildFile section */
		F70F8CD72014C75000163BE7 /* SetDeckCard.swift in Sources */ = {isa = PBXBuildFile; fileRef = F70F8CD62014C75000163BE7 /* SetDeckCard.swift */; };
		F70F8CD92014C9AA00163BE7 /* SetGame.swift in Sources */ = {isa = PBXBuildFile; fileRef = F70F8CD82014C9AA00163BE7 /* SetGame.swift */; };
		F725EF5E2013988200F5FD05 /* BorderButton.swift in Sources */ = {isa = PBXBuildFile; fileRef = F725EF5D2013988200F5FD05 /* BorderButton.swift */; };
		F725EF602013A10600F5FD05 /* SetCard.swift in Sources */ = {isa = PBXBuildFile; fileRef = F725EF5F2013A10600F5FD05 /* SetCard.swift */; };
		F729528F2011058E00F1CB31 /* AppDelegate.swift in Sources */ = {isa = PBXBuildFile; fileRef = F729528E2011058E00F1CB31 /* AppDelegate.swift */; };
		F72952912011058E00F1CB31 /* ViewController.swift in Sources */ = {isa = PBXBuildFile; fileRef = F72952902011058E00F1CB31 /* ViewController.swift */; };
		F72952942011058E00F1CB31 /* Main.storyboard in Resources */ = {isa = PBXBuildFile; fileRef = F72952922011058E00F1CB31 /* Main.storyboard */; };
		F72952962011058E00F1CB31 /* Assets.xcassets in Resources */ = {isa = PBXBuildFile; fileRef = F72952952011058E00F1CB31 /* Assets.xcassets */; };
		F72952992011058E00F1CB31 /* LaunchScreen.storyboard in Resources */ = {isa = PBXBuildFile; fileRef = F72952972011058E00F1CB31 /* LaunchScreen.storyboard */; };
/* End PBXBuildFile section */

/* Begin PBXFileReference section */
		F70F8CD62014C75000163BE7 /* SetDeckCard.swift */ = {isa = PBXFileReference; lastKnownFileType = sourcecode.swift; path = SetDeckCard.swift; sourceTree = "<group>"; };
		F70F8CD82014C9AA00163BE7 /* SetGame.swift */ = {isa = PBXFileReference; lastKnownFileType = sourcecode.swift; path = SetGame.swift; sourceTree = "<group>"; };
		F725EF5D2013988200F5FD05 /* BorderButton.swift */ = {isa = PBXFileReference; lastKnownFileType = sourcecode.swift; path = BorderButton.swift; sourceTree = "<group>"; };
		F725EF5F2013A10600F5FD05 /* SetCard.swift */ = {isa = PBXFileReference; lastKnownFileType = sourcecode.swift; path = SetCard.swift; sourceTree = "<group>"; };
		F729528B2011058E00F1CB31 /* Set.app */ = {isa = PBXFileReference; explicitFileType = wrapper.application; includeInIndex = 0; path = Set.app; sourceTree = BUILT_PRODUCTS_DIR; };
		F729528E2011058E00F1CB31 /* AppDelegate.swift */ = {isa = PBXFileReference; lastKnownFileType = sourcecode.swift; path = AppDelegate.swift; sourceTree = "<group>"; };
		F72952902011058E00F1CB31 /* ViewController.swift */ = {isa = PBXFileReference; lastKnownFileType = sourcecode.swift; path = ViewController.swift; sourceTree = "<group>"; };
		F72952932011058E00F1CB31 /* Base */ = {isa = PBXFileReference; lastKnownFileType = file.storyboard; name = Base; path = Base.lproj/Main.storyboard; sourceTree = "<group>"; };
		F72952952011058E00F1CB31 /* Assets.xcassets */ = {isa = PBXFileReference; lastKnownFileType = folder.assetcatalog; path = Assets.xcassets; sourceTree = "<group>"; };
		F72952982011058E00F1CB31 /* Base */ = {isa = PBXFileReference; lastKnownFileType = file.storyboard; name = Base; path = Base.lproj/LaunchScreen.storyboard; sourceTree = "<group>"; };
		F729529A2011058E00F1CB31 /* Info.plist */ = {isa = PBXFileReference; lastKnownFileType = text.plist.xml; path = Info.plist; sourceTree = "<group>"; };
/* End PBXFileReference section */

/* Begin PBXFrameworksBuildPhase section */
		F72952882011058E00F1CB31 /* Frameworks */ = {
			isa = PBXFrameworksBuildPhase;
			buildActionMask = 2147483647;
			files = (
			);
			runOnlyForDeploymentPostprocessing = 0;
		};
/* End PBXFrameworksBuildPhase section */

/* Begin PBXGroup section */
		F725EF5C2013948F00F5FD05 /* Supporting Files */ = {
			isa = PBXGroup;
			children = (
				F729528E2011058E00F1CB31 /* AppDelegate.swift */,
				F72952952011058E00F1CB31 /* Assets.xcassets */,
				F72952972011058E00F1CB31 /* LaunchScreen.storyboard */,
			);
			path = "Supporting Files";
			sourceTree = "<group>";
		};
		F72952822011058E00F1CB31 = {
			isa = PBXGroup;
			children = (
				F729528D2011058E00F1CB31 /* Set */,
				F729528C2011058E00F1CB31 /* Products */,
			);
			sourceTree = "<group>";
		};
		F729528C2011058E00F1CB31 /* Products */ = {
			isa = PBXGroup;
			children = (
				F729528B2011058E00F1CB31 /* Set.app */,
			);
			name = Products;
			sourceTree = "<group>";
		};
		F729528D2011058E00F1CB31 /* Set */ = {
			isa = PBXGroup;
			children = (
				F72952902011058E00F1CB31 /* ViewController.swift */,
				F72952922011058E00F1CB31 /* Main.storyboard */,
				F729529A2011058E00F1CB31 /* Info.plist */,
				F725EF5C2013948F00F5FD05 /* Supporting Files */,
				F725EF5D2013988200F5FD05 /* BorderButton.swift */,
				F725EF5F2013A10600F5FD05 /* SetCard.swift */,
				F70F8CD62014C75000163BE7 /* SetDeckCard.swift */,
				F70F8CD82014C9AA00163BE7 /* SetGame.swift */,
			);
			path = Set;
			sourceTree = "<group>";
		};
/* End PBXGroup section */

/* Begin PBXNativeTarget section */
		F729528A2011058E00F1CB31 /* Set */ = {
			isa = PBXNativeTarget;
			buildConfigurationList = F729529D2011058E00F1CB31 /* Build configuration list for PBXNativeTarget "Set" */;
			buildPhases = (
				F72952872011058E00F1CB31 /* Sources */,
				F72952882011058E00F1CB31 /* Frameworks */,
				F72952892011058E00F1CB31 /* Resources */,
			);
			buildRules = (
			);
			dependencies = (
			);
			name = Set;
			productName = Set;
			productReference = F729528B2011058E00F1CB31 /* Set.app */;
			productType = "com.apple.product-type.application";
		};
/* End PBXNativeTarget section */

/* Begin PBXProject section */
		F72952832011058E00F1CB31 /* Project object */ = {
			isa = PBXProject;
			attributes = {
				LastSwiftUpdateCheck = 0920;
				LastUpgradeCheck = 0920;
				ORGANIZATIONNAME = Gleb;
				TargetAttributes = {
					F729528A2011058E00F1CB31 = {
						CreatedOnToolsVersion = 9.2;
						ProvisioningStyle = Automatic;
					};
				};
			};
			buildConfigurationList = F72952862011058E00F1CB31 /* Build configuration list for PBXProject "Set" */;
			compatibilityVersion = "Xcode 8.0";
			developmentRegion = en;
			hasScannedForEncodings = 0;
			knownRegions = (
				en,
				Base,
			);
			mainGroup = F72952822011058E00F1CB31;
			productRefGroup = F729528C2011058E00F1CB31 /* Products */;
			projectDirPath = "";
			projectRoot = "";
			targets = (
				F729528A2011058E00F1CB31 /* Set */,
			);
		};
/* End PBXProject section */

/* Begin PBXResourcesBuildPhase section */
		F72952892011058E00F1CB31 /* Resources */ = {
			isa = PBXResourcesBuildPhase;
			buildActionMask = 2147483647;
			files = (
				F72952992011058E00F1CB31 /* LaunchScreen.storyboard in Resources */,
				F72952962011058E00F1CB31 /* Assets.xcassets in Resources */,
				F72952942011058E00F1CB31 /* Main.storyboard in Resources */,
			);
			runOnlyForDeploymentPostprocessing = 0;
		};
/* End PBXResourcesBuildPhase section */

/* Begin PBXSourcesBuildPhase section */
		F72952872011058E00F1CB31 /* Sources */ = {
			isa = PBXSourcesBuildPhase;
			buildActionMask = 2147483647;
			files = (
				F72952912011058E00F1CB31 /* ViewController.swift in Sources */,
				F729528F2011058E00F1CB31 /* AppDelegate.swift in Sources */,
				F725EF602013A10600F5FD05 /* SetCard.swift in Sources */,
				F725EF5E2013988200F5FD05 /* BorderButton.swift in Sources */,
				F70F8CD92014C9AA00163BE7 /* SetGame.swift in Sources */,
				F70F8CD72014C75000163BE7 /* SetDeckCard.swift in Sources */,
			);
			runOnlyForDeploymentPostprocessing = 0;
		};
/* End PBXSourcesBuildPhase section */

/* Begin PBXVariantGroup section */
		F72952922011058E00F1CB31 /* Main.storyboard */ = {
			isa = PBXVariantGroup;
			children = (
				F72952932011058E00F1CB31 /* Base */,
			);
			name = Main.storyboard;
			sourceTree = "<group>";
		};
		F72952972011058E00F1CB31 /* LaunchScreen.storyboard */ = {
			isa = PBXVariantGroup;
			children = (
				F72952982011058E00F1CB31 /* Base */,
			);
			name = LaunchScreen.storyboard;
			sourceTree = "<group>";
		};
/* End PBXVariantGroup section */

/* Begin XCBuildConfiguration section */
		F729529B2011058E00F1CB31 /* Debug */ = {
			isa = XCBuildConfiguration;
			buildSettings = {
				ALWAYS_SEARCH_USER_PATHS = NO;
				CLANG_ANALYZER_NONNULL = YES;
				CLANG_ANALYZER_NUMBER_OBJECT_CONVERSION = YES_AGGRESSIVE;
				CLANG_CXX_LANGUAGE_STANDARD = "gnu++14";
				CLANG_CXX_LIBRARY = "libc++";
				CLANG_ENABLE_MODULES = YES;
				CLANG_ENABLE_OBJC_ARC = YES;
				CLANG_WARN_BLOCK_CAPTURE_AUTORELEASING = YES;
				CLANG_WARN_BOOL_CONVERSION = YES;
				CLANG_WARN_COMMA = YES;
				CLANG_WARN_CONSTANT_CONVERSION = YES;
				CLANG_WARN_DIRECT_OBJC_ISA_USAGE = YES_ERROR;
				CLANG_WARN_DOCUMENTATION_COMMENTS = YES;
				CLANG_WARN_EMPTY_BODY = YES;
				CLANG_WARN_ENUM_CONVERSION = YES;
				CLANG_WARN_INFINITE_RECURSION = YES;
				CLANG_WARN_INT_CONVERSION = YES;
				CLANG_WARN_NON_LITERAL_NULL_CONVERSION = YES;
				CLANG_WARN_OBJC_LITERAL_CONVERSION = YES;
				CLANG_WARN_OBJC_ROOT_CLASS = YES_ERROR;
				CLANG_WARN_RANGE_LOOP_ANALYSIS = YES;
				CLANG_WARN_STRICT_PROTOTYPES = YES;
				CLANG_WARN_SUSPICIOUS_MOVE = YES;
				CLANG_WARN_UNGUARDED_AVAILABILITY = YES_AGGRESSIVE;
				CLANG_WARN_UNREACHABLE_CODE = YES;
				CLANG_WARN__DUPLICATE_METHOD_MATCH = YES;
				CODE_SIGN_IDENTITY = "iPhone Developer";
				COPY_PHASE_STRIP = NO;
				DEBUG_INFORMATION_FORMAT = dwarf;
				ENABLE_STRICT_OBJC_MSGSEND = YES;
				ENABLE_TESTABILITY = YES;
				GCC_C_LANGUAGE_STANDARD = gnu11;
				GCC_DYNAMIC_NO_PIC = NO;
				GCC_NO_COMMON_BLOCKS = YES;
				GCC_OPTIMIZATION_LEVEL = 0;
				GCC_PREPROCESSOR_DEFINITIONS = (
					"DEBUG=1",
					"$(inherited)",
				);
				GCC_WARN_64_TO_32_BIT_CONVERSION = YES;
				GCC_WARN_ABOUT_RETURN_TYPE = YES_ERROR;
				GCC_WARN_UNDECLARED_SELECTOR = YES;
				GCC_WARN_UNINITIALIZED_AUTOS = YES_AGGRESSIVE;
				GCC_WARN_UNUSED_FUNCTION = YES;
				GCC_WARN_UNUSED_VARIABLE = YES;
				IPHONEOS_DEPLOYMENT_TARGET = 11.2;
				MTL_ENABLE_DEBUG_INFO = YES;
				ONLY_ACTIVE_ARCH = YES;
				SDKROOT = iphoneos;
				SWIFT_ACTIVE_COMPILATION_CONDITIONS = DEBUG;
				SWIFT_OPTIMIZATION_LEVEL = "-Onone";
			};
			name = Debug;
		};
		F729529C2011058E00F1CB31 /* Release */ = {
			isa = XCBuildConfiguration;
			buildSettings = {
				ALWAYS_SEARCH_USER_PATHS = NO;
				CLANG_ANALYZER_NONNULL = YES;
				CLANG_ANALYZER_NUMBER_OBJECT_CONVERSION = YES_AGGRESSIVE;
				CLANG_CXX_LANGUAGE_STANDARD = "gnu++14";
				CLANG_CXX_LIBRARY = "libc++";
				CLANG_ENABLE_MODULES = YES;
				CLANG_ENABLE_OBJC_ARC = YES;
				CLANG_WARN_BLOCK_CAPTURE_AUTORELEASING = YES;
				CLANG_WARN_BOOL_CONVERSION = YES;
				CLANG_WARN_COMMA = YES;
				CLANG_WARN_CONSTANT_CONVERSION = YES;
				CLANG_WARN_DIRECT_OBJC_ISA_USAGE = YES_ERROR;
				CLANG_WARN_DOCUMENTATION_COMMENTS = YES;
				CLANG_WARN_EMPTY_BODY = YES;
				CLANG_WARN_ENUM_CONVERSION = YES;
				CLANG_WARN_INFINITE_RECURSION = YES;
				CLANG_WARN_INT_CONVERSION = YES;
				CLANG_WARN_NON_LITERAL_NULL_CONVERSION = YES;
				CLANG_WARN_OBJC_LITERAL_CONVERSION = YES;
				CLANG_WARN_OBJC_ROOT_CLASS = YES_ERROR;
				CLANG_WARN_RANGE_LOOP_ANALYSIS = YES;
				CLANG_WARN_STRICT_PROTOTYPES = YES;
				CLANG_WARN_SUSPICIOUS_MOVE = YES;
				CLANG_WARN_UNGUARDED_AVAILABILITY = YES_AGGRESSIVE;
				CLANG_WARN_UNREACHABLE_CODE = YES;
				CLANG_WARN__DUPLICATE_METHOD_MATCH = YES;
				CODE_SIGN_IDENTITY = "iPhone Developer";
				COPY_PHASE_STRIP = NO;
				DEBUG_INFORMATION_FORMAT = "dwarf-with-dsym";
				ENABLE_NS_ASSERTIONS = NO;
				ENABLE_STRICT_OBJC_MSGSEND = YES;
				GCC_C_LANGUAGE_STANDARD = gnu11;
				GCC_NO_COMMON_BLOCKS = YES;
				GCC_WARN_64_TO_32_BIT_CONVERSION = YES;
				GCC_WARN_ABOUT_RETURN_TYPE = YES_ERROR;
				GCC_WARN_UNDECLARED_SELECTOR = YES;
				GCC_WARN_UNINITIALIZED_AUTOS = YES_AGGRESSIVE;
				GCC_WARN_UNUSED_FUNCTION = YES;
				GCC_WARN_UNUSED_VARIABLE = YES;
				IPHONEOS_DEPLOYMENT_TARGET = 11.2;
				MTL_ENABLE_DEBUG_INFO = NO;
				SDKROOT = iphoneos;
				SWIFT_OPTIMIZATION_LEVEL = "-Owholemodule";
				VALIDATE_PRODUCT = YES;
			};
			name = Release;
		};
		F729529E2011058E00F1CB31 /* Debug */ = {
			isa = XCBuildConfiguration;
			buildSettings = {
				ASSETCATALOG_COMPILER_APPICON_NAME = AppIcon;
				CODE_SIGN_STYLE = Automatic;
				INFOPLIST_FILE = Set/Info.plist;
				LD_RUNPATH_SEARCH_PATHS = "$(inherited) @executable_path/Frameworks";
				PRODUCT_BUNDLE_IDENTIFIER = ru.yandex.gleb.maltcev.Set;
				PRODUCT_NAME = "$(TARGET_NAME)";
				SWIFT_VERSION = 4.0;
				TARGETED_DEVICE_FAMILY = "1,2";
			};
			name = Debug;
		};
		F729529F2011058E00F1CB31 /* Release */ = {
			isa = XCBuildConfiguration;
			buildSettings = {
				ASSETCATALOG_COMPILER_APPICON_NAME = AppIcon;
				CODE_SIGN_STYLE = Automatic;
				INFOPLIST_FILE = Set/Info.plist;
				LD_RUNPATH_SEARCH_PATHS = "$(inherited) @executable_path/Frameworks";
				PRODUCT_BUNDLE_IDENTIFIER = ru.yandex.gleb.maltcev.Set;
				PRODUCT_NAME = "$(TARGET_NAME)";
				SWIFT_VERSION = 4.0;
				TARGETED_DEVICE_FAMILY = "1,2";
			};
			name = Release;
		};
/* End XCBuildConfiguration section */

/* Begin XCConfigurationList section */
		F72952862011058E00F1CB31 /* Build configuration list for PBXProject "Set" */ = {
			isa = XCConfigurationList;
			buildConfigurations = (
				F729529B2011058E00F1CB31 /* Debug */,
				F729529C2011058E00F1CB31 /* Release */,
			);
			defaultConfigurationIsVisible = 0;
			defaultConfigurationName = Release;
		};
		F729529D2011058E00F1CB31 /* Build configuration list for PBXNativeTarget "Set" */ = {
			isa = XCConfigurationList;
			buildConfigurations = (
				F729529E2011058E00F1CB31 /* Debug */,
				F729529F2011058E00F1CB31 /* Release */,
			);
			defaultConfigurationIsVisible = 0;
			defaultConfigurationName = Release;
		};
/* End XCConfigurationList section */
	};
	rootObject = F72952832011058E00F1CB31 /* Project object */;
}
